// !$*UTF8*$!
{
	archiveVersion = 1;
	classes = {
	};
	objectVersion = 56;
	objects = {

/* Begin PBXBuildFile section */
		C50D88E929AEEC9D00C03533 /* AppDelegate.swift in Sources */ = {isa = PBXBuildFile; fileRef = C50D88E829AEEC9D00C03533 /* AppDelegate.swift */; };
		C50D88EB29AEEC9D00C03533 /* SceneDelegate.swift in Sources */ = {isa = PBXBuildFile; fileRef = C50D88EA29AEEC9D00C03533 /* SceneDelegate.swift */; };
		C50D88ED29AEEC9D00C03533 /* ViewController.swift in Sources */ = {isa = PBXBuildFile; fileRef = C50D88EC29AEEC9D00C03533 /* ViewController.swift */; };
		C50D88F229AEEC9E00C03533 /* Assets.xcassets in Resources */ = {isa = PBXBuildFile; fileRef = C50D88F129AEEC9E00C03533 /* Assets.xcassets */; };
		C50D88F529AEEC9E00C03533 /* LaunchScreen.storyboard in Resources */ = {isa = PBXBuildFile; fileRef = C50D88F329AEEC9E00C03533 /* LaunchScreen.storyboard */; };
		C50D88FE29AEEF8100C03533 /* SnapKit in Frameworks */ = {isa = PBXBuildFile; productRef = C50D88FD29AEEF8100C03533 /* SnapKit */; };
		C50D890129AEEFFA00C03533 /* Kingfisher in Frameworks */ = {isa = PBXBuildFile; productRef = C50D890029AEEFFA00C03533 /* Kingfisher */; };
		C50D890429AEF3A800C03533 /* .swiftlint.yml in Resources */ = {isa = PBXBuildFile; fileRef = C50D890329AEF3A800C03533 /* .swiftlint.yml */; };
		C50D890629AEF4BB00C03533 /* ViewPresenter.swift in Sources */ = {isa = PBXBuildFile; fileRef = C50D890529AEF4BB00C03533 /* ViewPresenter.swift */; };
		C50D890829AEF7D000C03533 /* TableViewCell.swift in Sources */ = {isa = PBXBuildFile; fileRef = C50D890729AEF7D000C03533 /* TableViewCell.swift */; };
		C50D890B29AEF7F700C03533 /* TableViewFooterView.swift in Sources */ = {isa = PBXBuildFile; fileRef = C50D890A29AEF7F700C03533 /* TableViewFooterView.swift */; };
/* End PBXBuildFile section */

/* Begin PBXFileReference section */
		C50D88E529AEEC9D00C03533 /* IOSChallenge.app */ = {isa = PBXFileReference; explicitFileType = wrapper.application; includeInIndex = 0; path = IOSChallenge.app; sourceTree = BUILT_PRODUCTS_DIR; };
		C50D88E829AEEC9D00C03533 /* AppDelegate.swift */ = {isa = PBXFileReference; lastKnownFileType = sourcecode.swift; path = AppDelegate.swift; sourceTree = "<group>"; };
		C50D88EA29AEEC9D00C03533 /* SceneDelegate.swift */ = {isa = PBXFileReference; lastKnownFileType = sourcecode.swift; path = SceneDelegate.swift; sourceTree = "<group>"; };
		C50D88EC29AEEC9D00C03533 /* ViewController.swift */ = {isa = PBXFileReference; lastKnownFileType = sourcecode.swift; path = ViewController.swift; sourceTree = "<group>"; };
		C50D88F129AEEC9E00C03533 /* Assets.xcassets */ = {isa = PBXFileReference; lastKnownFileType = folder.assetcatalog; path = Assets.xcassets; sourceTree = "<group>"; };
		C50D88F429AEEC9E00C03533 /* Base */ = {isa = PBXFileReference; lastKnownFileType = file.storyboard; name = Base; path = Base.lproj/LaunchScreen.storyboard; sourceTree = "<group>"; };
		C50D88F629AEEC9E00C03533 /* Info.plist */ = {isa = PBXFileReference; lastKnownFileType = text.plist.xml; path = Info.plist; sourceTree = "<group>"; };
		C50D890329AEF3A800C03533 /* .swiftlint.yml */ = {isa = PBXFileReference; lastKnownFileType = text.yaml; path = .swiftlint.yml; sourceTree = "<group>"; };
		C50D890529AEF4BB00C03533 /* ViewPresenter.swift */ = {isa = PBXFileReference; lastKnownFileType = sourcecode.swift; path = ViewPresenter.swift; sourceTree = "<group>"; };
		C50D890729AEF7D000C03533 /* TableViewCell.swift */ = {isa = PBXFileReference; lastKnownFileType = sourcecode.swift; path = TableViewCell.swift; sourceTree = "<group>"; };
		C50D890A29AEF7F700C03533 /* TableViewFooterView.swift */ = {isa = PBXFileReference; lastKnownFileType = sourcecode.swift; path = TableViewFooterView.swift; sourceTree = "<group>"; };
/* End PBXFileReference section */

/* Begin PBXFrameworksBuildPhase section */
		C50D88E229AEEC9D00C03533 /* Frameworks */ = {
			isa = PBXFrameworksBuildPhase;
			buildActionMask = 2147483647;
			files = (
				C50D890129AEEFFA00C03533 /* Kingfisher in Frameworks */,
				C50D88FE29AEEF8100C03533 /* SnapKit in Frameworks */,
			);
			runOnlyForDeploymentPostprocessing = 0;
		};
/* End PBXFrameworksBuildPhase section */

/* Begin PBXGroup section */
		C50D88DC29AEEC9D00C03533 = {
			isa = PBXGroup;
			children = (
				C50D890329AEF3A800C03533 /* .swiftlint.yml */,
				C50D88E729AEEC9D00C03533 /* IOSChallenge */,
				C50D88E629AEEC9D00C03533 /* Products */,
			);
			sourceTree = "<group>";
		};
		C50D88E629AEEC9D00C03533 /* Products */ = {
			isa = PBXGroup;
			children = (
				C50D88E529AEEC9D00C03533 /* IOSChallenge.app */,
			);
			name = Products;
			sourceTree = "<group>";
		};
		C50D88E729AEEC9D00C03533 /* IOSChallenge */ = {
			isa = PBXGroup;
			children = (
				C50D88E829AEEC9D00C03533 /* AppDelegate.swift */,
				C50D88EA29AEEC9D00C03533 /* SceneDelegate.swift */,
				C50D890929AEF7DA00C03533 /* MainView */,
				C50D88F129AEEC9E00C03533 /* Assets.xcassets */,
				C50D88F329AEEC9E00C03533 /* LaunchScreen.storyboard */,
				C50D88F629AEEC9E00C03533 /* Info.plist */,
			);
			path = IOSChallenge;
			sourceTree = "<group>";
		};
		C50D890929AEF7DA00C03533 /* MainView */ = {
			isa = PBXGroup;
			children = (
				C50D88EC29AEEC9D00C03533 /* ViewController.swift */,
				C50D890529AEF4BB00C03533 /* ViewPresenter.swift */,
				C50D890C29AEF7FB00C03533 /* TableView */,
			);
			path = MainView;
			sourceTree = "<group>";
		};
		C50D890C29AEF7FB00C03533 /* TableView */ = {
			isa = PBXGroup;
			children = (
				C50D890729AEF7D000C03533 /* TableViewCell.swift */,
				C50D890A29AEF7F700C03533 /* TableViewFooterView.swift */,
			);
			path = TableView;
			sourceTree = "<group>";
		};
/* End PBXGroup section */

/* Begin PBXNativeTarget section */
		C50D88E429AEEC9D00C03533 /* IOSChallenge */ = {
			isa = PBXNativeTarget;
			buildConfigurationList = C50D88F929AEEC9E00C03533 /* Build configuration list for PBXNativeTarget "IOSChallenge" */;
			buildPhases = (
				C50D88E129AEEC9D00C03533 /* Sources */,
				C50D88E229AEEC9D00C03533 /* Frameworks */,
				C50D88E329AEEC9D00C03533 /* Resources */,
				C50D890229AEF02400C03533 /* SwiftLint */,
			);
			buildRules = (
			);
			dependencies = (
			);
			name = IOSChallenge;
			packageProductDependencies = (
				C50D88FD29AEEF8100C03533 /* SnapKit */,
				C50D890029AEEFFA00C03533 /* Kingfisher */,
			);
			productName = IOSChallenge;
			productReference = C50D88E529AEEC9D00C03533 /* IOSChallenge.app */;
			productType = "com.apple.product-type.application";
		};
/* End PBXNativeTarget section */

/* Begin PBXProject section */
		C50D88DD29AEEC9D00C03533 /* Project object */ = {
			isa = PBXProject;
			attributes = {
				BuildIndependentTargetsInParallel = 1;
				LastSwiftUpdateCheck = 1420;
				LastUpgradeCheck = 1420;
				TargetAttributes = {
					C50D88E429AEEC9D00C03533 = {
						CreatedOnToolsVersion = 14.2;
					};
				};
			};
			buildConfigurationList = C50D88E029AEEC9D00C03533 /* Build configuration list for PBXProject "IOSChallenge" */;
			compatibilityVersion = "Xcode 14.0";
			developmentRegion = en;
			hasScannedForEncodings = 0;
			knownRegions = (
				en,
				Base,
			);
			mainGroup = C50D88DC29AEEC9D00C03533;
			packageReferences = (
				C50D88FC29AEEF8100C03533 /* XCRemoteSwiftPackageReference "SnapKit" */,
				C50D88FF29AEEFFA00C03533 /* XCRemoteSwiftPackageReference "Kingfisher" */,
			);
			productRefGroup = C50D88E629AEEC9D00C03533 /* Products */;
			projectDirPath = "";
			projectRoot = "";
			targets = (
				C50D88E429AEEC9D00C03533 /* IOSChallenge */,
			);
		};
/* End PBXProject section */

/* Begin PBXResourcesBuildPhase section */
		C50D88E329AEEC9D00C03533 /* Resources */ = {
			isa = PBXResourcesBuildPhase;
			buildActionMask = 2147483647;
			files = (
				C50D890429AEF3A800C03533 /* .swiftlint.yml in Resources */,
				C50D88F529AEEC9E00C03533 /* LaunchScreen.storyboard in Resources */,
				C50D88F229AEEC9E00C03533 /* Assets.xcassets in Resources */,
			);
			runOnlyForDeploymentPostprocessing = 0;
		};
/* End PBXResourcesBuildPhase section */

/* Begin PBXShellScriptBuildPhase section */
		C50D890229AEF02400C03533 /* SwiftLint */ = {
			isa = PBXShellScriptBuildPhase;
			alwaysOutOfDate = 1;
			buildActionMask = 2147483647;
			files = (
			);
			inputFileListPaths = (
			);
			inputPaths = (
			);
			name = SwiftLint;
			outputFileListPaths = (
			);
			outputPaths = (
			);
			runOnlyForDeploymentPostprocessing = 0;
			shellPath = /bin/sh;
			shellScript = "    export PATH=\"$PATH:/opt/homebrew/bin\"\n    if which swiftlint > /dev/null; then\n      swiftlint\n    else\n      echo \"warning: SwiftLint not installed, download from https://github.com/realm/SwiftLint\"\n    fi\n";
		};
/* End PBXShellScriptBuildPhase section */

/* Begin PBXSourcesBuildPhase section */
		C50D88E129AEEC9D00C03533 /* Sources */ = {
			isa = PBXSourcesBuildPhase;
			buildActionMask = 2147483647;
			files = (
				C50D890829AEF7D000C03533 /* TableViewCell.swift in Sources */,
				C50D88ED29AEEC9D00C03533 /* ViewController.swift in Sources */,
				C50D890629AEF4BB00C03533 /* ViewPresenter.swift in Sources */,
				C50D88E929AEEC9D00C03533 /* AppDelegate.swift in Sources */,
				C50D88EB29AEEC9D00C03533 /* SceneDelegate.swift in Sources */,
				C50D890B29AEF7F700C03533 /* TableViewFooterView.swift in Sources */,
			);
			runOnlyForDeploymentPostprocessing = 0;
		};
/* End PBXSourcesBuildPhase section */

/* Begin PBXVariantGroup section */
		C50D88F329AEEC9E00C03533 /* LaunchScreen.storyboard */ = {
			isa = PBXVariantGroup;
			children = (
				C50D88F429AEEC9E00C03533 /* Base */,
			);
			name = LaunchScreen.storyboard;
			sourceTree = "<group>";
		};
/* End PBXVariantGroup section */

/* Begin XCBuildConfiguration section */
		C50D88F729AEEC9E00C03533 /* Debug */ = {
			isa = XCBuildConfiguration;
			buildSettings = {
				ALWAYS_SEARCH_USER_PATHS = NO;
				CLANG_ANALYZER_NONNULL = YES;
				CLANG_ANALYZER_NUMBER_OBJECT_CONVERSION = YES_AGGRESSIVE;
				CLANG_CXX_LANGUAGE_STANDARD = "gnu++20";
				CLANG_ENABLE_MODULES = YES;
				CLANG_ENABLE_OBJC_ARC = YES;
				CLANG_ENABLE_OBJC_WEAK = YES;
				CLANG_WARN_BLOCK_CAPTURE_AUTORELEASING = YES;
				CLANG_WARN_BOOL_CONVERSION = YES;
				CLANG_WARN_COMMA = YES;
				CLANG_WARN_CONSTANT_CONVERSION = YES;
				CLANG_WARN_DEPRECATED_OBJC_IMPLEMENTATIONS = YES;
				CLANG_WARN_DIRECT_OBJC_ISA_USAGE = YES_ERROR;
				CLANG_WARN_DOCUMENTATION_COMMENTS = YES;
				CLANG_WARN_EMPTY_BODY = YES;
				CLANG_WARN_ENUM_CONVERSION = YES;
				CLANG_WARN_INFINITE_RECURSION = YES;
				CLANG_WARN_INT_CONVERSION = YES;
				CLANG_WARN_NON_LITERAL_NULL_CONVERSION = YES;
				CLANG_WARN_OBJC_IMPLICIT_RETAIN_SELF = YES;
				CLANG_WARN_OBJC_LITERAL_CONVERSION = YES;
				CLANG_WARN_OBJC_ROOT_CLASS = YES_ERROR;
				CLANG_WARN_QUOTED_INCLUDE_IN_FRAMEWORK_HEADER = YES;
				CLANG_WARN_RANGE_LOOP_ANALYSIS = YES;
				CLANG_WARN_STRICT_PROTOTYPES = YES;
				CLANG_WARN_SUSPICIOUS_MOVE = YES;
				CLANG_WARN_UNGUARDED_AVAILABILITY = YES_AGGRESSIVE;
				CLANG_WARN_UNREACHABLE_CODE = YES;
				CLANG_WARN__DUPLICATE_METHOD_MATCH = YES;
				COPY_PHASE_STRIP = NO;
				DEBUG_INFORMATION_FORMAT = dwarf;
				ENABLE_STRICT_OBJC_MSGSEND = YES;
				ENABLE_TESTABILITY = YES;
				GCC_C_LANGUAGE_STANDARD = gnu11;
				GCC_DYNAMIC_NO_PIC = NO;
				GCC_NO_COMMON_BLOCKS = YES;
				GCC_OPTIMIZATION_LEVEL = 0;
				GCC_PREPROCESSOR_DEFINITIONS = (
					"DEBUG=1",
					"$(inherited)",
				);
				GCC_WARN_64_TO_32_BIT_CONVERSION = YES;
				GCC_WARN_ABOUT_RETURN_TYPE = YES_ERROR;
				GCC_WARN_UNDECLARED_SELECTOR = YES;
				GCC_WARN_UNINITIALIZED_AUTOS = YES_AGGRESSIVE;
				GCC_WARN_UNUSED_FUNCTION = YES;
				GCC_WARN_UNUSED_VARIABLE = YES;
				IPHONEOS_DEPLOYMENT_TARGET = 16.2;
				MTL_ENABLE_DEBUG_INFO = INCLUDE_SOURCE;
				MTL_FAST_MATH = YES;
				ONLY_ACTIVE_ARCH = YES;
				SDKROOT = iphoneos;
				SWIFT_ACTIVE_COMPILATION_CONDITIONS = DEBUG;
				SWIFT_OPTIMIZATION_LEVEL = "-Onone";
			};
			name = Debug;
		};
		C50D88F829AEEC9E00C03533 /* Release */ = {
			isa = XCBuildConfiguration;
			buildSettings = {
				ALWAYS_SEARCH_USER_PATHS = NO;
				CLANG_ANALYZER_NONNULL = YES;
				CLANG_ANALYZER_NUMBER_OBJECT_CONVERSION = YES_AGGRESSIVE;
				CLANG_CXX_LANGUAGE_STANDARD = "gnu++20";
				CLANG_ENABLE_MODULES = YES;
				CLANG_ENABLE_OBJC_ARC = YES;
				CLANG_ENABLE_OBJC_WEAK = YES;
				CLANG_WARN_BLOCK_CAPTURE_AUTORELEASING = YES;
				CLANG_WARN_BOOL_CONVERSION = YES;
				CLANG_WARN_COMMA = YES;
				CLANG_WARN_CONSTANT_CONVERSION = YES;
				CLANG_WARN_DEPRECATED_OBJC_IMPLEMENTATIONS = YES;
				CLANG_WARN_DIRECT_OBJC_ISA_USAGE = YES_ERROR;
				CLANG_WARN_DOCUMENTATION_COMMENTS = YES;
				CLANG_WARN_EMPTY_BODY = YES;
				CLANG_WARN_ENUM_CONVERSION = YES;
				CLANG_WARN_INFINITE_RECURSION = YES;
				CLANG_WARN_INT_CONVERSION = YES;
				CLANG_WARN_NON_LITERAL_NULL_CONVERSION = YES;
				CLANG_WARN_OBJC_IMPLICIT_RETAIN_SELF = YES;
				CLANG_WARN_OBJC_LITERAL_CONVERSION = YES;
				CLANG_WARN_OBJC_ROOT_CLASS = YES_ERROR;
				CLANG_WARN_QUOTED_INCLUDE_IN_FRAMEWORK_HEADER = YES;
				CLANG_WARN_RANGE_LOOP_ANALYSIS = YES;
				CLANG_WARN_STRICT_PROTOTYPES = YES;
				CLANG_WARN_SUSPICIOUS_MOVE = YES;
				CLANG_WARN_UNGUARDED_AVAILABILITY = YES_AGGRESSIVE;
				CLANG_WARN_UNREACHABLE_CODE = YES;
				CLANG_WARN__DUPLICATE_METHOD_MATCH = YES;
				COPY_PHASE_STRIP = NO;
				DEBUG_INFORMATION_FORMAT = "dwarf-with-dsym";
				ENABLE_NS_ASSERTIONS = NO;
				ENABLE_STRICT_OBJC_MSGSEND = YES;
				GCC_C_LANGUAGE_STANDARD = gnu11;
				GCC_NO_COMMON_BLOCKS = YES;
				GCC_WARN_64_TO_32_BIT_CONVERSION = YES;
				GCC_WARN_ABOUT_RETURN_TYPE = YES_ERROR;
				GCC_WARN_UNDECLARED_SELECTOR = YES;
				GCC_WARN_UNINITIALIZED_AUTOS = YES_AGGRESSIVE;
				GCC_WARN_UNUSED_FUNCTION = YES;
				GCC_WARN_UNUSED_VARIABLE = YES;
				IPHONEOS_DEPLOYMENT_TARGET = 16.2;
				MTL_ENABLE_DEBUG_INFO = NO;
				MTL_FAST_MATH = YES;
				SDKROOT = iphoneos;
				SWIFT_COMPILATION_MODE = wholemodule;
				SWIFT_OPTIMIZATION_LEVEL = "-O";
				VALIDATE_PRODUCT = YES;
			};
			name = Release;
		};
		C50D88FA29AEEC9E00C03533 /* Debug */ = {
			isa = XCBuildConfiguration;
			buildSettings = {
				ASSETCATALOG_COMPILER_APPICON_NAME = AppIcon;
				ASSETCATALOG_COMPILER_GLOBAL_ACCENT_COLOR_NAME = AccentColor;
				CODE_SIGN_STYLE = Automatic;
				CURRENT_PROJECT_VERSION = 1;
				DEVELOPMENT_TEAM = C4K2HXA435;
				GENERATE_INFOPLIST_FILE = YES;
				INFOPLIST_FILE = IOSChallenge/Info.plist;
				INFOPLIST_KEY_UIApplicationSupportsIndirectInputEvents = YES;
				INFOPLIST_KEY_UILaunchStoryboardName = LaunchScreen;
				INFOPLIST_KEY_UISupportedInterfaceOrientations_iPad = "UIInterfaceOrientationPortrait UIInterfaceOrientationPortraitUpsideDown UIInterfaceOrientationLandscapeLeft UIInterfaceOrientationLandscapeRight";
				INFOPLIST_KEY_UISupportedInterfaceOrientations_iPhone = "UIInterfaceOrientationPortrait UIInterfaceOrientationLandscapeLeft UIInterfaceOrientationLandscapeRight";
				LD_RUNPATH_SEARCH_PATHS = (
					"$(inherited)",
					"@executable_path/Frameworks",
				);
				MARKETING_VERSION = 1.0;
				PRODUCT_BUNDLE_IDENTIFIER = SeonghunJeon.IOSChallenge;
				PRODUCT_NAME = "$(TARGET_NAME)";
				SWIFT_EMIT_LOC_STRINGS = YES;
				SWIFT_VERSION = 5.0;
				TARGETED_DEVICE_FAMILY = "1,2";
			};
			name = Debug;
		};
		C50D88FB29AEEC9E00C03533 /* Release */ = {
			isa = XCBuildConfiguration;
			buildSettings = {
				ASSETCATALOG_COMPILER_APPICON_NAME = AppIcon;
				ASSETCATALOG_COMPILER_GLOBAL_ACCENT_COLOR_NAME = AccentColor;
				CODE_SIGN_STYLE = Automatic;
				CURRENT_PROJECT_VERSION = 1;
				DEVELOPMENT_TEAM = C4K2HXA435;
				GENERATE_INFOPLIST_FILE = YES;
				INFOPLIST_FILE = IOSChallenge/Info.plist;
				INFOPLIST_KEY_UIApplicationSupportsIndirectInputEvents = YES;
				INFOPLIST_KEY_UILaunchStoryboardName = LaunchScreen;
				INFOPLIST_KEY_UISupportedInterfaceOrientations_iPad = "UIInterfaceOrientationPortrait UIInterfaceOrientationPortraitUpsideDown UIInterfaceOrientationLandscapeLeft UIInterfaceOrientationLandscapeRight";
				INFOPLIST_KEY_UISupportedInterfaceOrientations_iPhone = "UIInterfaceOrientationPortrait UIInterfaceOrientationLandscapeLeft UIInterfaceOrientationLandscapeRight";
				LD_RUNPATH_SEARCH_PATHS = (
					"$(inherited)",
					"@executable_path/Frameworks",
				);
				MARKETING_VERSION = 1.0;
				PRODUCT_BUNDLE_IDENTIFIER = SeonghunJeon.IOSChallenge;
				PRODUCT_NAME = "$(TARGET_NAME)";
				SWIFT_EMIT_LOC_STRINGS = YES;
				SWIFT_VERSION = 5.0;
				TARGETED_DEVICE_FAMILY = "1,2";
			};
			name = Release;
		};
/* End XCBuildConfiguration section */

/* Begin XCConfigurationList section */
		C50D88E029AEEC9D00C03533 /* Build configuration list for PBXProject "IOSChallenge" */ = {
			isa = XCConfigurationList;
			buildConfigurations = (
				C50D88F729AEEC9E00C03533 /* Debug */,
				C50D88F829AEEC9E00C03533 /* Release */,
			);
			defaultConfigurationIsVisible = 0;
			defaultConfigurationName = Release;
		};
		C50D88F929AEEC9E00C03533 /* Build configuration list for PBXNativeTarget "IOSChallenge" */ = {
			isa = XCConfigurationList;
			buildConfigurations = (
				C50D88FA29AEEC9E00C03533 /* Debug */,
				C50D88FB29AEEC9E00C03533 /* Release */,
			);
			defaultConfigurationIsVisible = 0;
			defaultConfigurationName = Release;
		};
/* End XCConfigurationList section */

/* Begin XCRemoteSwiftPackageReference section */
		C50D88FC29AEEF8100C03533 /* XCRemoteSwiftPackageReference "SnapKit" */ = {
			isa = XCRemoteSwiftPackageReference;
			repositoryURL = "https://github.com/SnapKit/SnapKit.git";
			requirement = {
				branch = develop;
				kind = branch;
			};
		};
		C50D88FF29AEEFFA00C03533 /* XCRemoteSwiftPackageReference "Kingfisher" */ = {
			isa = XCRemoteSwiftPackageReference;
			repositoryURL = "https://github.com/onevcat/Kingfisher.git";
			requirement = {
				branch = master;
				kind = branch;
			};
		};
/* End XCRemoteSwiftPackageReference section */

/* Begin XCSwiftPackageProductDependency section */
		C50D88FD29AEEF8100C03533 /* SnapKit */ = {
			isa = XCSwiftPackageProductDependency;
			package = C50D88FC29AEEF8100C03533 /* XCRemoteSwiftPackageReference "SnapKit" */;
			productName = SnapKit;
		};
		C50D890029AEEFFA00C03533 /* Kingfisher */ = {
			isa = XCSwiftPackageProductDependency;
			package = C50D88FF29AEEFFA00C03533 /* XCRemoteSwiftPackageReference "Kingfisher" */;
			productName = Kingfisher;
		};
/* End XCSwiftPackageProductDependency section */
	};
	rootObject = C50D88DD29AEEC9D00C03533 /* Project object */;
}
